
Microsoft Visual Studio Solution File, Format Version 12.00
# Visual Studio Version 17
VisualStudioVersion = 17.4.33205.214
MinimumVisualStudioVersion = 10.0.40219.1
Project("{9A19103F-16F7-4668-BE54-9A1E7A4F7556}") = "NewAppMetod", "NewAppMetod.csproj", "{10D26519-5564-4CE3-A6F8-17F2E11F00E0}"
EndProject
Project("{9A19103F-16F7-4668-BE54-9A1E7A4F7556}") = "NewAppMetodZ2", "..\NewAppMetodZ2\NewAppMetodZ2.csproj", "{906FFE08-5240-4C17-8341-376D3E8B1A0D}"
EndProject
Project("{9A19103F-16F7-4668-BE54-9A1E7A4F7556}") = "NewAppMetodZ3", "..\NewAppMetodZ3\NewAppMetodZ3.csproj", "{98A1A2D6-A967-42B2-9F34-CDD8857C5B1F}"
EndProject
Project("{9A19103F-16F7-4668-BE54-9A1E7A4F7556}") = "NewAppMetodZ4", "..\NewAppMetodZ4\NewAppMetodZ4.csproj", "{6AC55FEE-0CEE-40F1-B15B-66015BB6CA66}"
EndProject
Project("{FAE04EC0-301F-11D3-BF4B-00C04F79EFBC}") = "NewAppMetogZ5", "..\NewAppMetogZ5\NewAppMetogZ5.csproj", "{9AF5F9D5-DEF4-4A7E-8E34-99644DBF4D40}"
EndProject
Global
	GlobalSection(SolutionConfigurationPlatforms) = preSolution
		Debug|Any CPU = Debug|Any CPU
		Release|Any CPU = Release|Any CPU
	EndGlobalSection
	GlobalSection(ProjectConfigurationPlatforms) = postSolution
		{10D26519-5564-4CE3-A6F8-17F2E11F00E0}.Debug|Any CPU.ActiveCfg = Debug|Any CPU
		{10D26519-5564-4CE3-A6F8-17F2E11F00E0}.Debug|Any CPU.Build.0 = Debug|Any CPU
		{10D26519-5564-4CE3-A6F8-17F2E11F00E0}.Release|Any CPU.ActiveCfg = Release|Any CPU
		{10D26519-5564-4CE3-A6F8-17F2E11F00E0}.Release|Any CPU.Build.0 = Release|Any CPU
		{906FFE08-5240-4C17-8341-376D3E8B1A0D}.Debug|Any CPU.ActiveCfg = Debug|Any CPU
		{906FFE08-5240-4C17-8341-376D3E8B1A0D}.Debug|Any CPU.Build.0 = Debug|Any CPU
		{906FFE08-5240-4C17-8341-376D3E8B1A0D}.Release|Any CPU.ActiveCfg = Release|Any CPU
		{906FFE08-5240-4C17-8341-376D3E8B1A0D}.Release|Any CPU.Build.0 = Release|Any CPU
		{98A1A2D6-A967-42B2-9F34-CDD8857C5B1F}.Debug|Any CPU.ActiveCfg = Debug|Any CPU
		{98A1A2D6-A967-42B2-9F34-CDD8857C5B1F}.Debug|Any CPU.Build.0 = Debug|Any CPU
		{98A1A2D6-A967-42B2-9F34-CDD8857C5B1F}.Release|Any CPU.ActiveCfg = Release|Any CPU
		{98A1A2D6-A967-42B2-9F34-CDD8857C5B1F}.Release|Any CPU.Build.0 = Release|Any CPU
		{6AC55FEE-0CEE-40F1-B15B-66015BB6CA66}.Debug|Any CPU.ActiveCfg = Debug|Any CPU
		{6AC55FEE-0CEE-40F1-B15B-66015BB6CA66}.Debug|Any CPU.Build.0 = Debug|Any CPU
		{6AC55FEE-0CEE-40F1-B15B-66015BB6CA66}.Release|Any CPU.ActiveCfg = Release|Any CPU
		{6AC55FEE-0CEE-40F1-B15B-66015BB6CA66}.Release|Any CPU.Build.0 = Release|Any CPU
		{9AF5F9D5-DEF4-4A7E-8E34-99644DBF4D40}.Debug|Any CPU.ActiveCfg = Debug|Any CPU
		{9AF5F9D5-DEF4-4A7E-8E34-99644DBF4D40}.Debug|Any CPU.Build.0 = Debug|Any CPU
		{9AF5F9D5-DEF4-4A7E-8E34-99644DBF4D40}.Release|Any CPU.ActiveCfg = Release|Any CPU
		{9AF5F9D5-DEF4-4A7E-8E34-99644DBF4D40}.Release|Any CPU.Build.0 = Release|Any CPU
	EndGlobalSection
	GlobalSection(SolutionProperties) = preSolution
		HideSolutionNode = FALSE
	EndGlobalSection
	GlobalSection(ExtensibilityGlobals) = postSolution
		SolutionGuid = {D4A3C3F2-80E5-4281-96F9-6F65FB98C5CB}
	EndGlobalSection
EndGlobal
